
Microsoft Visual Studio Solution File, Format Version 12.00
# Visual Studio 15
VisualStudioVersion = 15.0.28010.2048
MinimumVisualStudioVersion = 10.0.40219.1
Project("{FAE04EC0-301F-11D3-BF4B-00C04F79EFBC}") = "PsGui", "PsGui\PsGui.csproj", "{BF95CCAA-049B-4A29-8C90-4D1BEF9013F1}"
EndProject
Global
	GlobalSection(SolutionConfigurationPlatforms) = preSolution
		Debug|Any CPU = Debug|Any CPU
		Release|Any CPU = Release|Any CPU
	EndGlobalSection
	GlobalSection(ProjectConfigurationPlatforms) = postSolution
		{BF95CCAA-049B-4A29-8C90-4D1BEF9013F1}.Debug|Any CPU.ActiveCfg = Debug|Any CPU
		{BF95CCAA-049B-4A29-8C90-4D1BEF9013F1}.Debug|Any CPU.Build.0 = Debug|Any CPU
		{BF95CCAA-049B-4A29-8C90-4D1BEF9013F1}.Release|Any CPU.ActiveCfg = Release|Any CPU
		{BF95CCAA-049B-4A29-8C90-4D1BEF9013F1}.Release|Any CPU.Build.0 = Release|Any CPU
	EndGlobalSection
	GlobalSection(SolutionProperties) = preSolution
		HideSolutionNode = FALSE
	EndGlobalSection
	GlobalSection(ExtensibilityGlobals) = postSolution
		SolutionGuid = {CFDC58B0-E337-4575-A18B-9A7CEA5A819A}
	EndGlobalSection
EndGlobal
